
Microsoft Visual Studio Solution File, Format Version 12.00
# Visual Studio Version 17
VisualStudioVersion = 17.2.32630.192
MinimumVisualStudioVersion = 10.0.40219.1
Project("{9A19103F-16F7-4668-BE54-9A1E7A4F7556}") = "F10Y.L0022.Construction", "F10Y.L0022.Construction\F10Y.L0022.Construction.csproj", "{D9C2F83C-795F-48EC-B677-A9A94F775B08}"
EndProject
Project("{9A19103F-16F7-4668-BE54-9A1E7A4F7556}") = "F10Y.L0022", "F10Y.L0022\F10Y.L0022.csproj", "{9F106ACA-90D0-49FC-99D2-A17E93EF4928}"
EndProject
Project("{9A19103F-16F7-4668-BE54-9A1E7A4F7556}") = "F10Y.L0022.Q000", "F10Y.L0022.Q000\F10Y.L0022.Q000.csproj", "{FAC00926-F275-4591-802A-ED4133F2B3F6}"
EndProject
Project("{2150E333-8FDC-42A3-9474-1A3956D46DE8}") = "_Dependencies", "_Dependencies", "{943A8D5F-15A1-4784-844A-5B0BEB735DE5}"
EndProject
Project("{9A19103F-16F7-4668-BE54-9A1E7A4F7556}") = "F10Y.L0000", "..\..\F10Y.L0000\source\F10Y.L0000\F10Y.L0000.csproj", "{2C6B2CF4-000A-45A7-80B4-3776CF8B3B91}"
EndProject
Project("{9A19103F-16F7-4668-BE54-9A1E7A4F7556}") = "F10Y.T0000", "..\..\F10Y.T0000\source\F10Y.T0000\F10Y.T0000.csproj", "{AE560306-035C-4840-91A4-9C2131D9FCD7}"
EndProject
Project("{9A19103F-16F7-4668-BE54-9A1E7A4F7556}") = "F10Y.T0001", "..\..\F10Y.T0001\source\F10Y.T0001\F10Y.T0001.csproj", "{C5F44A19-878C-4D7F-9554-D9BB67C90AAD}"
EndProject
Project("{9A19103F-16F7-4668-BE54-9A1E7A4F7556}") = "F10Y.T0002", "..\..\F10Y.T0002\source\F10Y.T0002\F10Y.T0002.csproj", "{6CBFF001-8B08-4175-99A0-A3BFA764FAAC}"
EndProject
Project("{9A19103F-16F7-4668-BE54-9A1E7A4F7556}") = "F10Y.T0003", "..\..\F10Y.T0003\source\F10Y.T0003\F10Y.T0003.csproj", "{6C0DF07D-B963-4B04-8E6B-E4ADC2C4B951}"
EndProject
Project("{9A19103F-16F7-4668-BE54-9A1E7A4F7556}") = "F10Y.T0004", "..\..\F10Y.T0004\source\F10Y.T0004\F10Y.T0004.csproj", "{044DEC46-DF04-4870-AED6-93715355DB33}"
EndProject
Project("{9A19103F-16F7-4668-BE54-9A1E7A4F7556}") = "F10Y.T0011", "..\..\F10Y.T0011\source\F10Y.T0011\F10Y.T0011.csproj", "{E80940CE-C96D-41F4-BC20-A4C7F266CD9E}"
EndProject
Project("{9A19103F-16F7-4668-BE54-9A1E7A4F7556}") = "F10Y.Y0000", "..\..\F10Y.Y0000\source\F10Y.Y0000\F10Y.Y0000.csproj", "{EA4633B4-15DD-4DB8-B240-A36A2A2311CF}"
EndProject
Project("{9A19103F-16F7-4668-BE54-9A1E7A4F7556}") = "F10Y.NG0002", "..\..\F10Y.NG0002\source\F10Y.NG0002\F10Y.NG0002.csproj", "{35224D84-44C6-468B-AE1B-AC6A2000F7AE}"
EndProject
Project("{9A19103F-16F7-4668-BE54-9A1E7A4F7556}") = "F10Y.T0006", "..\..\F10Y.T0006\source\F10Y.T0006\F10Y.T0006.csproj", "{2713E462-3C20-49F3-802A-E951D854F83C}"
EndProject
Project("{9A19103F-16F7-4668-BE54-9A1E7A4F7556}") = "F10Y.Z0000", "..\..\F10Y.Z0000\source\F10Y.Z0000\F10Y.Z0000.csproj", "{BAE88A4A-B1BB-43EB-AD83-EE54B4B34ADF}"
EndProject
Project("{9A19103F-16F7-4668-BE54-9A1E7A4F7556}") = "F10Y.L0004.L000", "..\..\F10Y.L0004\source\F10Y.L0004.L000\F10Y.L0004.L000.csproj", "{B9C4ED21-AD1E-41EE-ABFA-85E156460E7D}"
EndProject
Project("{9A19103F-16F7-4668-BE54-9A1E7A4F7556}") = "F10Y.L0019", "..\..\F10Y.L0019\source\F10Y.L0019\F10Y.L0019.csproj", "{66539C0D-9280-4DEF-82E2-0177B62D64CA}"
EndProject
Project("{9A19103F-16F7-4668-BE54-9A1E7A4F7556}") = "F10Y.L0022.L000", "F10Y.L0022.L000\F10Y.L0022.L000.csproj", "{D9147F9D-6A85-471F-BA7C-0373D55F46F7}"
EndProject
Project("{9A19103F-16F7-4668-BE54-9A1E7A4F7556}") = "F10Y.L0001.L001", "..\..\F10Y.L0001\source\F10Y.L0001.L001\F10Y.L0001.L001.csproj", "{A11F4709-E3F8-441D-9246-A9861C364A9F}"
EndProject
Project("{9A19103F-16F7-4668-BE54-9A1E7A4F7556}") = "F10Y.Z0000.Z000", "..\..\F10Y.Z0000\source\F10Y.Z0000.Z000\F10Y.Z0000.Z000.csproj", "{88A10212-460F-49EA-91F7-C5A3A8B3F7DC}"
EndProject
Project("{9A19103F-16F7-4668-BE54-9A1E7A4F7556}") = "F10Y.Z0000.Z001", "..\..\F10Y.Z0000\source\F10Y.Z0000.Z001\F10Y.Z0000.Z001.csproj", "{56AC0F04-A3A1-472E-9784-4BDA667D549E}"
EndProject
Project("{9A19103F-16F7-4668-BE54-9A1E7A4F7556}") = "F10Y.L0001.L002", "..\..\F10Y.L0001\source\F10Y.L0001.L002\F10Y.L0001.L002.csproj", "{06108E9A-530E-4C8E-B800-198EF2F2C7FE}"
EndProject
Project("{9A19103F-16F7-4668-BE54-9A1E7A4F7556}") = "F10Y.L0001.T000", "..\..\F10Y.L0001\source\F10Y.L0001.T000\F10Y.L0001.T000.csproj", "{2AC716F9-306E-4CB8-9527-31E63182524D}"
EndProject
Project("{9A19103F-16F7-4668-BE54-9A1E7A4F7556}") = "F10Y.L0001.Z000", "..\..\F10Y.L0001\source\F10Y.L0001.Z000\F10Y.L0001.Z000.csproj", "{DA991978-8C1E-4858-9B3E-2882FA809B8E}"
EndProject
Project("{9A19103F-16F7-4668-BE54-9A1E7A4F7556}") = "F10Y.L0001", "..\..\F10Y.L0001\source\F10Y.L0001\F10Y.L0001.csproj", "{2A04F6AB-E1A6-4983-8C02-BF5A47A6BEDA}"
EndProject
Global
	GlobalSection(NestedProjects) = preSolution
		{2C6B2CF4-000A-45A7-80B4-3776CF8B3B91} = {943A8D5F-15A1-4784-844A-5B0BEB735DE5}
		{AE560306-035C-4840-91A4-9C2131D9FCD7} = {943A8D5F-15A1-4784-844A-5B0BEB735DE5}
		{C5F44A19-878C-4D7F-9554-D9BB67C90AAD} = {943A8D5F-15A1-4784-844A-5B0BEB735DE5}
		{6CBFF001-8B08-4175-99A0-A3BFA764FAAC} = {943A8D5F-15A1-4784-844A-5B0BEB735DE5}
		{6C0DF07D-B963-4B04-8E6B-E4ADC2C4B951} = {943A8D5F-15A1-4784-844A-5B0BEB735DE5}
		{044DEC46-DF04-4870-AED6-93715355DB33} = {943A8D5F-15A1-4784-844A-5B0BEB735DE5}
		{E80940CE-C96D-41F4-BC20-A4C7F266CD9E} = {943A8D5F-15A1-4784-844A-5B0BEB735DE5}
		{EA4633B4-15DD-4DB8-B240-A36A2A2311CF} = {943A8D5F-15A1-4784-844A-5B0BEB735DE5}
		{35224D84-44C6-468B-AE1B-AC6A2000F7AE} = {943A8D5F-15A1-4784-844A-5B0BEB735DE5}
		{2713E462-3C20-49F3-802A-E951D854F83C} = {943A8D5F-15A1-4784-844A-5B0BEB735DE5}
		{BAE88A4A-B1BB-43EB-AD83-EE54B4B34ADF} = {943A8D5F-15A1-4784-844A-5B0BEB735DE5}
		{B9C4ED21-AD1E-41EE-ABFA-85E156460E7D} = {943A8D5F-15A1-4784-844A-5B0BEB735DE5}
		{66539C0D-9280-4DEF-82E2-0177B62D64CA} = {943A8D5F-15A1-4784-844A-5B0BEB735DE5}
		{A11F4709-E3F8-441D-9246-A9861C364A9F} = {943A8D5F-15A1-4784-844A-5B0BEB735DE5}
		{88A10212-460F-49EA-91F7-C5A3A8B3F7DC} = {943A8D5F-15A1-4784-844A-5B0BEB735DE5}
		{56AC0F04-A3A1-472E-9784-4BDA667D549E} = {943A8D5F-15A1-4784-844A-5B0BEB735DE5}
		{06108E9A-530E-4C8E-B800-198EF2F2C7FE} = {943A8D5F-15A1-4784-844A-5B0BEB735DE5}
		{2AC716F9-306E-4CB8-9527-31E63182524D} = {943A8D5F-15A1-4784-844A-5B0BEB735DE5}
		{DA991978-8C1E-4858-9B3E-2882FA809B8E} = {943A8D5F-15A1-4784-844A-5B0BEB735DE5}
		{2A04F6AB-E1A6-4983-8C02-BF5A47A6BEDA} = {943A8D5F-15A1-4784-844A-5B0BEB735DE5}
	EndGlobalSection
	GlobalSection(SolutionConfigurationPlatforms) = preSolution
		Debug|Any CPU = Debug|Any CPU
		Release|Any CPU = Release|Any CPU
	EndGlobalSection
	GlobalSection(ProjectConfigurationPlatforms) = postSolution
		{D9C2F83C-795F-48EC-B677-A9A94F775B08}.Debug|Any CPU.ActiveCfg = Debug|Any CPU
		{D9C2F83C-795F-48EC-B677-A9A94F775B08}.Debug|Any CPU.Build.0 = Debug|Any CPU
		{D9C2F83C-795F-48EC-B677-A9A94F775B08}.Release|Any CPU.ActiveCfg = Release|Any CPU
		{D9C2F83C-795F-48EC-B677-A9A94F775B08}.Release|Any CPU.Build.0 = Release|Any CPU
		{9F106ACA-90D0-49FC-99D2-A17E93EF4928}.Debug|Any CPU.ActiveCfg = Debug|Any CPU
		{9F106ACA-90D0-49FC-99D2-A17E93EF4928}.Debug|Any CPU.Build.0 = Debug|Any CPU
		{9F106ACA-90D0-49FC-99D2-A17E93EF4928}.Release|Any CPU.ActiveCfg = Release|Any CPU
		{9F106ACA-90D0-49FC-99D2-A17E93EF4928}.Release|Any CPU.Build.0 = Release|Any CPU
		{FAC00926-F275-4591-802A-ED4133F2B3F6}.Debug|Any CPU.ActiveCfg = Debug|Any CPU
		{FAC00926-F275-4591-802A-ED4133F2B3F6}.Debug|Any CPU.Build.0 = Debug|Any CPU
		{FAC00926-F275-4591-802A-ED4133F2B3F6}.Release|Any CPU.ActiveCfg = Release|Any CPU
		{FAC00926-F275-4591-802A-ED4133F2B3F6}.Release|Any CPU.Build.0 = Release|Any CPU
		{2C6B2CF4-000A-45A7-80B4-3776CF8B3B91}.Debug|Any CPU.ActiveCfg = Debug|Any CPU
		{2C6B2CF4-000A-45A7-80B4-3776CF8B3B91}.Debug|Any CPU.Build.0 = Debug|Any CPU
		{2C6B2CF4-000A-45A7-80B4-3776CF8B3B91}.Release|Any CPU.ActiveCfg = Release|Any CPU
		{2C6B2CF4-000A-45A7-80B4-3776CF8B3B91}.Release|Any CPU.Build.0 = Release|Any CPU
		{AE560306-035C-4840-91A4-9C2131D9FCD7}.Debug|Any CPU.ActiveCfg = Debug|Any CPU
		{AE560306-035C-4840-91A4-9C2131D9FCD7}.Debug|Any CPU.Build.0 = Debug|Any CPU
		{AE560306-035C-4840-91A4-9C2131D9FCD7}.Release|Any CPU.ActiveCfg = Release|Any CPU
		{AE560306-035C-4840-91A4-9C2131D9FCD7}.Release|Any CPU.Build.0 = Release|Any CPU
		{C5F44A19-878C-4D7F-9554-D9BB67C90AAD}.Debug|Any CPU.ActiveCfg = Debug|Any CPU
		{C5F44A19-878C-4D7F-9554-D9BB67C90AAD}.Debug|Any CPU.Build.0 = Debug|Any CPU
		{C5F44A19-878C-4D7F-9554-D9BB67C90AAD}.Release|Any CPU.ActiveCfg = Release|Any CPU
		{C5F44A19-878C-4D7F-9554-D9BB67C90AAD}.Release|Any CPU.Build.0 = Release|Any CPU
		{6CBFF001-8B08-4175-99A0-A3BFA764FAAC}.Debug|Any CPU.ActiveCfg = Debug|Any CPU
		{6CBFF001-8B08-4175-99A0-A3BFA764FAAC}.Debug|Any CPU.Build.0 = Debug|Any CPU
		{6CBFF001-8B08-4175-99A0-A3BFA764FAAC}.Release|Any CPU.ActiveCfg = Release|Any CPU
		{6CBFF001-8B08-4175-99A0-A3BFA764FAAC}.Release|Any CPU.Build.0 = Release|Any CPU
		{6C0DF07D-B963-4B04-8E6B-E4ADC2C4B951}.Debug|Any CPU.ActiveCfg = Debug|Any CPU
		{6C0DF07D-B963-4B04-8E6B-E4ADC2C4B951}.Debug|Any CPU.Build.0 = Debug|Any CPU
		{6C0DF07D-B963-4B04-8E6B-E4ADC2C4B951}.Release|Any CPU.ActiveCfg = Release|Any CPU
		{6C0DF07D-B963-4B04-8E6B-E4ADC2C4B951}.Release|Any CPU.Build.0 = Release|Any CPU
		{044DEC46-DF04-4870-AED6-93715355DB33}.Debug|Any CPU.ActiveCfg = Debug|Any CPU
		{044DEC46-DF04-4870-AED6-93715355DB33}.Debug|Any CPU.Build.0 = Debug|Any CPU
		{044DEC46-DF04-4870-AED6-93715355DB33}.Release|Any CPU.ActiveCfg = Release|Any CPU
		{044DEC46-DF04-4870-AED6-93715355DB33}.Release|Any CPU.Build.0 = Release|Any CPU
		{E80940CE-C96D-41F4-BC20-A4C7F266CD9E}.Debug|Any CPU.ActiveCfg = Debug|Any CPU
		{E80940CE-C96D-41F4-BC20-A4C7F266CD9E}.Debug|Any CPU.Build.0 = Debug|Any CPU
		{E80940CE-C96D-41F4-BC20-A4C7F266CD9E}.Release|Any CPU.ActiveCfg = Release|Any CPU
		{E80940CE-C96D-41F4-BC20-A4C7F266CD9E}.Release|Any CPU.Build.0 = Release|Any CPU
		{EA4633B4-15DD-4DB8-B240-A36A2A2311CF}.Debug|Any CPU.ActiveCfg = Debug|Any CPU
		{EA4633B4-15DD-4DB8-B240-A36A2A2311CF}.Debug|Any CPU.Build.0 = Debug|Any CPU
		{EA4633B4-15DD-4DB8-B240-A36A2A2311CF}.Release|Any CPU.ActiveCfg = Release|Any CPU
		{EA4633B4-15DD-4DB8-B240-A36A2A2311CF}.Release|Any CPU.Build.0 = Release|Any CPU
		{35224D84-44C6-468B-AE1B-AC6A2000F7AE}.Debug|Any CPU.ActiveCfg = Debug|Any CPU
		{35224D84-44C6-468B-AE1B-AC6A2000F7AE}.Debug|Any CPU.Build.0 = Debug|Any CPU
		{35224D84-44C6-468B-AE1B-AC6A2000F7AE}.Release|Any CPU.ActiveCfg = Release|Any CPU
		{35224D84-44C6-468B-AE1B-AC6A2000F7AE}.Release|Any CPU.Build.0 = Release|Any CPU
		{2713E462-3C20-49F3-802A-E951D854F83C}.Debug|Any CPU.ActiveCfg = Debug|Any CPU
		{2713E462-3C20-49F3-802A-E951D854F83C}.Debug|Any CPU.Build.0 = Debug|Any CPU
		{2713E462-3C20-49F3-802A-E951D854F83C}.Release|Any CPU.ActiveCfg = Release|Any CPU
		{2713E462-3C20-49F3-802A-E951D854F83C}.Release|Any CPU.Build.0 = Release|Any CPU
		{BAE88A4A-B1BB-43EB-AD83-EE54B4B34ADF}.Debug|Any CPU.ActiveCfg = Debug|Any CPU
		{BAE88A4A-B1BB-43EB-AD83-EE54B4B34ADF}.Debug|Any CPU.Build.0 = Debug|Any CPU
		{BAE88A4A-B1BB-43EB-AD83-EE54B4B34ADF}.Release|Any CPU.ActiveCfg = Release|Any CPU
		{BAE88A4A-B1BB-43EB-AD83-EE54B4B34ADF}.Release|Any CPU.Build.0 = Release|Any CPU
		{B9C4ED21-AD1E-41EE-ABFA-85E156460E7D}.Debug|Any CPU.ActiveCfg = Debug|Any CPU
		{B9C4ED21-AD1E-41EE-ABFA-85E156460E7D}.Debug|Any CPU.Build.0 = Debug|Any CPU
		{B9C4ED21-AD1E-41EE-ABFA-85E156460E7D}.Release|Any CPU.ActiveCfg = Release|Any CPU
		{B9C4ED21-AD1E-41EE-ABFA-85E156460E7D}.Release|Any CPU.Build.0 = Release|Any CPU
		{66539C0D-9280-4DEF-82E2-0177B62D64CA}.Debug|Any CPU.ActiveCfg = Debug|Any CPU
		{66539C0D-9280-4DEF-82E2-0177B62D64CA}.Debug|Any CPU.Build.0 = Debug|Any CPU
		{66539C0D-9280-4DEF-82E2-0177B62D64CA}.Release|Any CPU.ActiveCfg = Release|Any CPU
		{66539C0D-9280-4DEF-82E2-0177B62D64CA}.Release|Any CPU.Build.0 = Release|Any CPU
		{D9147F9D-6A85-471F-BA7C-0373D55F46F7}.Debug|Any CPU.ActiveCfg = Debug|Any CPU
		{D9147F9D-6A85-471F-BA7C-0373D55F46F7}.Debug|Any CPU.Build.0 = Debug|Any CPU
		{D9147F9D-6A85-471F-BA7C-0373D55F46F7}.Release|Any CPU.ActiveCfg = Release|Any CPU
		{D9147F9D-6A85-471F-BA7C-0373D55F46F7}.Release|Any CPU.Build.0 = Release|Any CPU
		{A11F4709-E3F8-441D-9246-A9861C364A9F}.Debug|Any CPU.ActiveCfg = Debug|Any CPU
		{A11F4709-E3F8-441D-9246-A9861C364A9F}.Debug|Any CPU.Build.0 = Debug|Any CPU
		{A11F4709-E3F8-441D-9246-A9861C364A9F}.Release|Any CPU.ActiveCfg = Release|Any CPU
		{A11F4709-E3F8-441D-9246-A9861C364A9F}.Release|Any CPU.Build.0 = Release|Any CPU
		{88A10212-460F-49EA-91F7-C5A3A8B3F7DC}.Debug|Any CPU.ActiveCfg = Debug|Any CPU
		{88A10212-460F-49EA-91F7-C5A3A8B3F7DC}.Debug|Any CPU.Build.0 = Debug|Any CPU
		{88A10212-460F-49EA-91F7-C5A3A8B3F7DC}.Release|Any CPU.ActiveCfg = Release|Any CPU
		{88A10212-460F-49EA-91F7-C5A3A8B3F7DC}.Release|Any CPU.Build.0 = Release|Any CPU
		{56AC0F04-A3A1-472E-9784-4BDA667D549E}.Debug|Any CPU.ActiveCfg = Debug|Any CPU
		{56AC0F04-A3A1-472E-9784-4BDA667D549E}.Debug|Any CPU.Build.0 = Debug|Any CPU
		{56AC0F04-A3A1-472E-9784-4BDA667D549E}.Release|Any CPU.ActiveCfg = Release|Any CPU
		{56AC0F04-A3A1-472E-9784-4BDA667D549E}.Release|Any CPU.Build.0 = Release|Any CPU
		{06108E9A-530E-4C8E-B800-198EF2F2C7FE}.Debug|Any CPU.ActiveCfg = Debug|Any CPU
		{06108E9A-530E-4C8E-B800-198EF2F2C7FE}.Debug|Any CPU.Build.0 = Debug|Any CPU
		{06108E9A-530E-4C8E-B800-198EF2F2C7FE}.Release|Any CPU.ActiveCfg = Release|Any CPU
		{06108E9A-530E-4C8E-B800-198EF2F2C7FE}.Release|Any CPU.Build.0 = Release|Any CPU
		{2AC716F9-306E-4CB8-9527-31E63182524D}.Debug|Any CPU.ActiveCfg = Debug|Any CPU
		{2AC716F9-306E-4CB8-9527-31E63182524D}.Debug|Any CPU.Build.0 = Debug|Any CPU
		{2AC716F9-306E-4CB8-9527-31E63182524D}.Release|Any CPU.ActiveCfg = Release|Any CPU
		{2AC716F9-306E-4CB8-9527-31E63182524D}.Release|Any CPU.Build.0 = Release|Any CPU
		{DA991978-8C1E-4858-9B3E-2882FA809B8E}.Debug|Any CPU.ActiveCfg = Debug|Any CPU
		{DA991978-8C1E-4858-9B3E-2882FA809B8E}.Debug|Any CPU.Build.0 = Debug|Any CPU
		{DA991978-8C1E-4858-9B3E-2882FA809B8E}.Release|Any CPU.ActiveCfg = Release|Any CPU
		{DA991978-8C1E-4858-9B3E-2882FA809B8E}.Release|Any CPU.Build.0 = Release|Any CPU
		{2A04F6AB-E1A6-4983-8C02-BF5A47A6BEDA}.Debug|Any CPU.ActiveCfg = Debug|Any CPU
		{2A04F6AB-E1A6-4983-8C02-BF5A47A6BEDA}.Debug|Any CPU.Build.0 = Debug|Any CPU
		{2A04F6AB-E1A6-4983-8C02-BF5A47A6BEDA}.Release|Any CPU.ActiveCfg = Release|Any CPU
		{2A04F6AB-E1A6-4983-8C02-BF5A47A6BEDA}.Release|Any CPU.Build.0 = Release|Any CPU
	EndGlobalSection
	GlobalSection(SolutionProperties) = preSolution
		HideSolutionNode = FALSE
	EndGlobalSection
	GlobalSection(ExtensibilityGlobals) = postSolution
		SolutionGuid = {725082BC-2D2B-417B-B3D6-701DD0C4052E}
	EndGlobalSection
EndGlobal
